
Microsoft Visual Studio Solution File, Format Version 12.00
# Visual Studio Version 17
VisualStudioVersion = 17.2.32616.157
MinimumVisualStudioVersion = 10.0.40219.1
Project("{9A19103F-16F7-4668-BE54-9A1E7A4F7556}") = "InventoryAPI", "InventoryAPI.csproj", "{14205419-7204-42D5-A64A-B53F1231DB3A}"
EndProject
Project("{FAE04EC0-301F-11D3-BF4B-00C04F79EFBC}") = "InventoryAPIClient", "..\InventoryAPIClient\InventoryAPIClient.csproj", "{44C3FA76-AD78-4D6F-A863-F1FE201623DF}"
EndProject
Global
	GlobalSection(SolutionConfigurationPlatforms) = preSolution
		Debug|Any CPU = Debug|Any CPU
		Release|Any CPU = Release|Any CPU
	EndGlobalSection
	GlobalSection(ProjectConfigurationPlatforms) = postSolution
		{14205419-7204-42D5-A64A-B53F1231DB3A}.Debug|Any CPU.ActiveCfg = Debug|Any CPU
		{14205419-7204-42D5-A64A-B53F1231DB3A}.Debug|Any CPU.Build.0 = Debug|Any CPU
		{14205419-7204-42D5-A64A-B53F1231DB3A}.Release|Any CPU.ActiveCfg = Release|Any CPU
		{14205419-7204-42D5-A64A-B53F1231DB3A}.Release|Any CPU.Build.0 = Release|Any CPU
		{44C3FA76-AD78-4D6F-A863-F1FE201623DF}.Debug|Any CPU.ActiveCfg = Debug|Any CPU
		{44C3FA76-AD78-4D6F-A863-F1FE201623DF}.Debug|Any CPU.Build.0 = Debug|Any CPU
		{44C3FA76-AD78-4D6F-A863-F1FE201623DF}.Release|Any CPU.ActiveCfg = Release|Any CPU
		{44C3FA76-AD78-4D6F-A863-F1FE201623DF}.Release|Any CPU.Build.0 = Release|Any CPU
	EndGlobalSection
	GlobalSection(SolutionProperties) = preSolution
		HideSolutionNode = FALSE
	EndGlobalSection
	GlobalSection(ExtensibilityGlobals) = postSolution
		SolutionGuid = {2CE8C27A-9669-457A-B94E-D9E5846719B1}
	EndGlobalSection
EndGlobal
